
Microsoft Visual Studio Solution File, Format Version 12.00
# Visual Studio Version 17
VisualStudioVersion = 17.7.34202.233
MinimumVisualStudioVersion = 10.0.40219.1
Project("{FAE04EC0-301F-11D3-BF4B-00C04F79EFBC}") = "CRUDMVCREACT", "CRUDMVCREACT\CRUDMVCREACT.csproj", "{D9DF6800-604F-40B0-9196-1520FC44F1F5}"
EndProject
Global
	GlobalSection(SolutionConfigurationPlatforms) = preSolution
		Debug|Any CPU = Debug|Any CPU
		Release|Any CPU = Release|Any CPU
	EndGlobalSection
	GlobalSection(ProjectConfigurationPlatforms) = postSolution
		{D9DF6800-604F-40B0-9196-1520FC44F1F5}.Debug|Any CPU.ActiveCfg = Debug|Any CPU
		{D9DF6800-604F-40B0-9196-1520FC44F1F5}.Debug|Any CPU.Build.0 = Debug|Any CPU
		{D9DF6800-604F-40B0-9196-1520FC44F1F5}.Release|Any CPU.ActiveCfg = Release|Any CPU
		{D9DF6800-604F-40B0-9196-1520FC44F1F5}.Release|Any CPU.Build.0 = Release|Any CPU
	EndGlobalSection
	GlobalSection(SolutionProperties) = preSolution
		HideSolutionNode = FALSE
	EndGlobalSection
	GlobalSection(ExtensibilityGlobals) = postSolution
		SolutionGuid = {7D2D03A0-7421-47DA-B5E0-669E24F02044}
	EndGlobalSection
EndGlobal
